
Microsoft Visual Studio Solution File, Format Version 12.00
# Visual Studio Version 16
VisualStudioVersion = 16.0.29418.71
MinimumVisualStudioVersion = 10.0.40219.1
Project("{FAE04EC0-301F-11D3-BF4B-00C04F79EFBC}") = "BlazorApp", "BlazorApp\BlazorApp.csproj", "{CF84FE31-94FA-4D0B-BF5A-247913125C68}"
EndProject
Project("{FAE04EC0-301F-11D3-BF4B-00C04F79EFBC}") = "RazorComponent", "RazorComponent\RazorComponent.csproj", "{B4A838FF-F078-48D9-8C69-87E9718A0850}"
EndProject
Project("{FAE04EC0-301F-11D3-BF4B-00C04F79EFBC}") = "RazorComponentManager", "RazorComponentManager\RazorComponentManager.csproj", "{C8C15D22-E128-49AA-B633-E10E2FEB0F65}"
EndProject
Global
	GlobalSection(SolutionConfigurationPlatforms) = preSolution
		Debug|Any CPU = Debug|Any CPU
		Release|Any CPU = Release|Any CPU
	EndGlobalSection
	GlobalSection(ProjectConfigurationPlatforms) = postSolution
		{CF84FE31-94FA-4D0B-BF5A-247913125C68}.Debug|Any CPU.ActiveCfg = Debug|Any CPU
		{CF84FE31-94FA-4D0B-BF5A-247913125C68}.Debug|Any CPU.Build.0 = Debug|Any CPU
		{CF84FE31-94FA-4D0B-BF5A-247913125C68}.Release|Any CPU.ActiveCfg = Release|Any CPU
		{CF84FE31-94FA-4D0B-BF5A-247913125C68}.Release|Any CPU.Build.0 = Release|Any CPU
		{B4A838FF-F078-48D9-8C69-87E9718A0850}.Debug|Any CPU.ActiveCfg = Debug|Any CPU
		{B4A838FF-F078-48D9-8C69-87E9718A0850}.Debug|Any CPU.Build.0 = Debug|Any CPU
		{B4A838FF-F078-48D9-8C69-87E9718A0850}.Release|Any CPU.ActiveCfg = Release|Any CPU
		{B4A838FF-F078-48D9-8C69-87E9718A0850}.Release|Any CPU.Build.0 = Release|Any CPU
		{C8C15D22-E128-49AA-B633-E10E2FEB0F65}.Debug|Any CPU.ActiveCfg = Debug|Any CPU
		{C8C15D22-E128-49AA-B633-E10E2FEB0F65}.Debug|Any CPU.Build.0 = Debug|Any CPU
		{C8C15D22-E128-49AA-B633-E10E2FEB0F65}.Release|Any CPU.ActiveCfg = Release|Any CPU
		{C8C15D22-E128-49AA-B633-E10E2FEB0F65}.Release|Any CPU.Build.0 = Release|Any CPU
	EndGlobalSection
	GlobalSection(SolutionProperties) = preSolution
		HideSolutionNode = FALSE
	EndGlobalSection
	GlobalSection(ExtensibilityGlobals) = postSolution
		SolutionGuid = {13B5424C-7375-4DCF-BC56-7E6CD00FB959}
	EndGlobalSection
EndGlobal
